
Microsoft Visual Studio Solution File, Format Version 12.00
# Visual Studio 15
VisualStudioVersion = 15.0.28307.106
MinimumVisualStudioVersion = 10.0.40219.1
Project("{FAE04EC0-301F-11D3-BF4B-00C04F79EFBC}") = "HomeWork3", "HomeWork3\HomeWork3.csproj", "{D96FCA86-AFC4-41D7-851F-98A51042C479}"
EndProject
Global
	GlobalSection(SolutionConfigurationPlatforms) = preSolution
		Debug|Any CPU = Debug|Any CPU
		Release|Any CPU = Release|Any CPU
	EndGlobalSection
	GlobalSection(ProjectConfigurationPlatforms) = postSolution
		{D96FCA86-AFC4-41D7-851F-98A51042C479}.Debug|Any CPU.ActiveCfg = Debug|Any CPU
		{D96FCA86-AFC4-41D7-851F-98A51042C479}.Debug|Any CPU.Build.0 = Debug|Any CPU
		{D96FCA86-AFC4-41D7-851F-98A51042C479}.Release|Any CPU.ActiveCfg = Release|Any CPU
		{D96FCA86-AFC4-41D7-851F-98A51042C479}.Release|Any CPU.Build.0 = Release|Any CPU
	EndGlobalSection
	GlobalSection(SolutionProperties) = preSolution
		HideSolutionNode = FALSE
	EndGlobalSection
	GlobalSection(ExtensibilityGlobals) = postSolution
		SolutionGuid = {3E45B478-05AA-4C86-8DB9-689D9B031601}
	EndGlobalSection
EndGlobal
